
Microsoft Visual Studio Solution File, Format Version 12.00
# Visual Studio Version 16
VisualStudioVersion = 25.0.1705.0
MinimumVisualStudioVersion = 10.0.40219.1
Project("{FAE04EC0-301F-11D3-BF4B-00C04F79EFBC}") = "FizzBuzz", "FizzBuzz\FizzBuzz.csproj", "{A9079426-6C50-46C2-B2EF-1DDB4806BADE}"
EndProject
Global
	GlobalSection(SolutionConfigurationPlatforms) = preSolution
		Debug|Any CPU = Debug|Any CPU
		Release|Any CPU = Release|Any CPU
	EndGlobalSection
	GlobalSection(ProjectConfigurationPlatforms) = postSolution
		{A9079426-6C50-46C2-B2EF-1DDB4806BADE}.Debug|Any CPU.ActiveCfg = Debug|Any CPU
		{A9079426-6C50-46C2-B2EF-1DDB4806BADE}.Debug|Any CPU.Build.0 = Debug|Any CPU
		{A9079426-6C50-46C2-B2EF-1DDB4806BADE}.Release|Any CPU.ActiveCfg = Release|Any CPU
		{A9079426-6C50-46C2-B2EF-1DDB4806BADE}.Release|Any CPU.Build.0 = Release|Any CPU
	EndGlobalSection
	GlobalSection(SolutionProperties) = preSolution
		HideSolutionNode = FALSE
	EndGlobalSection
	GlobalSection(ExtensibilityGlobals) = postSolution
		SolutionGuid = {B8FE9F4D-10DF-4877-829F-265B64B8F6D9}
	EndGlobalSection
EndGlobal
